
Microsoft Visual Studio Solution File, Format Version 12.00
# Visual Studio 15
VisualStudioVersion = 15.0.27130.2024
MinimumVisualStudioVersion = 10.0.40219.1
Project("{FAE04EC0-301F-11D3-BF4B-00C04F79EFBC}") = "CosmosDBWebApp", "CosmosDBWebApp\CosmosDBWebApp.csproj", "{31B9E4EA-1A03-4278-94E3-A674CE75525E}"
EndProject
Global
	GlobalSection(SolutionConfigurationPlatforms) = preSolution
		Debug|Any CPU = Debug|Any CPU
		Release|Any CPU = Release|Any CPU
	EndGlobalSection
	GlobalSection(ProjectConfigurationPlatforms) = postSolution
		{31B9E4EA-1A03-4278-94E3-A674CE75525E}.Debug|Any CPU.ActiveCfg = Debug|Any CPU
		{31B9E4EA-1A03-4278-94E3-A674CE75525E}.Debug|Any CPU.Build.0 = Debug|Any CPU
		{31B9E4EA-1A03-4278-94E3-A674CE75525E}.Release|Any CPU.ActiveCfg = Release|Any CPU
		{31B9E4EA-1A03-4278-94E3-A674CE75525E}.Release|Any CPU.Build.0 = Release|Any CPU
	EndGlobalSection
	GlobalSection(SolutionProperties) = preSolution
		HideSolutionNode = FALSE
	EndGlobalSection
	GlobalSection(ExtensibilityGlobals) = postSolution
		SolutionGuid = {6F305790-C348-462F-9EE4-CC7B8C62421C}
	EndGlobalSection
EndGlobal
