
Microsoft Visual Studio Solution File, Format Version 12.00
# Visual Studio 15
VisualStudioVersion = 15.0.27130.2024
MinimumVisualStudioVersion = 10.0.40219.1
Project("{FAE04EC0-301F-11D3-BF4B-00C04F79EFBC}") = "CosmosDBConsoleApp", "CosmosDBConsoleApp\CosmosDBConsoleApp.csproj", "{A206A8FD-C80E-459B-93EB-A4FE99150C9F}"
EndProject
Global
	GlobalSection(SolutionConfigurationPlatforms) = preSolution
		Debug|Any CPU = Debug|Any CPU
		Release|Any CPU = Release|Any CPU
	EndGlobalSection
	GlobalSection(ProjectConfigurationPlatforms) = postSolution
		{A206A8FD-C80E-459B-93EB-A4FE99150C9F}.Debug|Any CPU.ActiveCfg = Debug|Any CPU
		{A206A8FD-C80E-459B-93EB-A4FE99150C9F}.Debug|Any CPU.Build.0 = Debug|Any CPU
		{A206A8FD-C80E-459B-93EB-A4FE99150C9F}.Release|Any CPU.ActiveCfg = Release|Any CPU
		{A206A8FD-C80E-459B-93EB-A4FE99150C9F}.Release|Any CPU.Build.0 = Release|Any CPU
	EndGlobalSection
	GlobalSection(SolutionProperties) = preSolution
		HideSolutionNode = FALSE
	EndGlobalSection
	GlobalSection(ExtensibilityGlobals) = postSolution
		SolutionGuid = {B2E02D83-EFC7-42EF-8C12-4E679A7EFD6F}
	EndGlobalSection
EndGlobal
